{
  "name": "@mark1russell7/splay",
  "version": "0.0.0",
  "lockfileVersion": 3,
  "requires": true,
  "packages": {
    "": {
      "name": "@mark1russell7/splay",
      "version": "0.0.0",
      "license": "MIT",
      "devDependencies": {
        "@mark1russell7/ts-base": "github:mark1russell7/ts-base#main",
        "typescript": "^5.9.3"
      },
      "engines": {
        "node": ">=25.0.0",
        "npm": ">=11.0.0"
      }
    },
    "node_modules/@mark1russell7/ts-base": {
      "version": "0.0.1",
      "resolved": "git+ssh://git@github.com/mark1russell7/ts-base.git#0c8c6a5d4ba458f432fa1dd5a9ce28e9419089eb",
      "dev": true,
      "license": "MIT",
      "bin": {
        "ts-base": "bin/cli.js"
      },
      "engines": {
        "node": ">=20.0.0"
      },
      "peerDependencies": {
        "typescript": ">=5.0.0"
      }
    },
    "node_modules/typescript": {
      "version": "5.9.3",
      "resolved": "https://registry.npmjs.org/typescript/-/typescript-5.9.3.tgz",
      "integrity": "sha512-jl1vZzPDinLr9eUt3J/t7V6FgNEw9QjvBPdysz9KfQDD41fQrC2Y4vKQdiaUpFT4bXlb1RHhLpp8wtm6M5TgSw==",
      "dev": true,
      "license": "Apache-2.0",
      "peer": true,
      "bin": {
        "tsc": "bin/tsc",
        "tsserver": "bin/tsserver"
      },
      "engines": {
        "node": ">=14.17"
      }
    }
  }
}
