{
  "name": "@mark1russell7/splay",
  "version": "0.0.0",
  "lockfileVersion": 3,
  "requires": true,
  "packages": {
    "": {
      "name": "@mark1russell7/splay",
      "version": "0.0.0",
      "license": "MIT",
      "devDependencies": {
        "@mark1russell7/cue": "github:mark1russell7/cue#release-1.0.0",
        "typescript": "^5.9.3"
      },
      "engines": {
        "node": ">=25.0.0",
        "npm": ">=11.0.0"
      }
    },
    "node_modules/@mark1russell7/cue": {
      "version": "0.0.0",
      "resolved": "git+ssh://git@github.com/mark1russell7/cue.git#ed8f5485ee87d182daa01cde62820bb6761ebddf",
      "dev": true,
      "license": "MIT",
      "bin": {
        "cue-config": "dist/cli.js"
      },
      "engines": {
        "node": ">=25.0.0",
        "npm": ">=11.0.0"
      }
    },
    "node_modules/typescript": {
      "version": "5.9.3",
      "resolved": "https://registry.npmjs.org/typescript/-/typescript-5.9.3.tgz",
      "integrity": "sha512-jl1vZzPDinLr9eUt3J/t7V6FgNEw9QjvBPdysz9KfQDD41fQrC2Y4vKQdiaUpFT4bXlb1RHhLpp8wtm6M5TgSw==",
      "dev": true,
      "license": "Apache-2.0",
      "bin": {
        "tsc": "bin/tsc",
        "tsserver": "bin/tsserver"
      },
      "engines": {
        "node": ">=14.17"
      }
    }
  }
}
